
Microsoft Visual Studio Solution File, Format Version 12.00
# Visual Studio Version 17
VisualStudioVersion = 17.13.35825.156 d17.13
MinimumVisualStudioVersion = 10.0.40219.1
Project("{FAE04EC0-301F-11D3-BF4B-00C04F79EFBC}") = "SimpleHotelRoomManagementProject", "SimpleHotelRoomManagementProject.csproj", "{1EC07CF2-5E45-4926-801C-7DAB98E81E48}"
EndProject
Global
	GlobalSection(SolutionConfigurationPlatforms) = preSolution
		Debug|Any CPU = Debug|Any CPU
		Release|Any CPU = Release|Any CPU
	EndGlobalSection
	GlobalSection(ProjectConfigurationPlatforms) = postSolution
		{1EC07CF2-5E45-4926-801C-7DAB98E81E48}.Debug|Any CPU.ActiveCfg = Debug|Any CPU
		{1EC07CF2-5E45-4926-801C-7DAB98E81E48}.Debug|Any CPU.Build.0 = Debug|Any CPU
		{1EC07CF2-5E45-4926-801C-7DAB98E81E48}.Release|Any CPU.ActiveCfg = Release|Any CPU
		{1EC07CF2-5E45-4926-801C-7DAB98E81E48}.Release|Any CPU.Build.0 = Release|Any CPU
	EndGlobalSection
	GlobalSection(SolutionProperties) = preSolution
		HideSolutionNode = FALSE
	EndGlobalSection
	GlobalSection(ExtensibilityGlobals) = postSolution
		SolutionGuid = {2C42C18A-9945-4845-AF9B-78CC8C212297}
	EndGlobalSection
EndGlobal
